
Microsoft Visual Studio Solution File, Format Version 12.00
# Visual Studio 15
VisualStudioVersion = 15.0.26403.3
MinimumVisualStudioVersion = 10.0.40219.1
Project("{FAE04EC0-301F-11D3-BF4B-00C04F79EFBC}") = "ModernCharts.Samples", "ModernCharts.Samples\ModernCharts.Samples\ModernCharts.Samples.csproj", "{1A9A5514-CFE9-4F5C-9C13-1F15AF9C4317}"
EndProject
Project("{FAE04EC0-301F-11D3-BF4B-00C04F79EFBC}") = "PKCode.PresentationFramework.Charts", "PKCode.PresentationFramework.Charts\PKCode.PresentationFramework.Charts\PKCode.PresentationFramework.Charts.csproj", "{D6F5A9B1-A6F0-46CE-8E46-6D3E3107ADC8}"
EndProject
Global
	GlobalSection(SolutionConfigurationPlatforms) = preSolution
		Debug|Any CPU = Debug|Any CPU
		Release|Any CPU = Release|Any CPU
	EndGlobalSection
	GlobalSection(ProjectConfigurationPlatforms) = postSolution
		{1A9A5514-CFE9-4F5C-9C13-1F15AF9C4317}.Debug|Any CPU.ActiveCfg = Debug|Any CPU
		{1A9A5514-CFE9-4F5C-9C13-1F15AF9C4317}.Debug|Any CPU.Build.0 = Debug|Any CPU
		{1A9A5514-CFE9-4F5C-9C13-1F15AF9C4317}.Release|Any CPU.ActiveCfg = Release|Any CPU
		{1A9A5514-CFE9-4F5C-9C13-1F15AF9C4317}.Release|Any CPU.Build.0 = Release|Any CPU
		{D6F5A9B1-A6F0-46CE-8E46-6D3E3107ADC8}.Debug|Any CPU.ActiveCfg = Debug|Any CPU
		{D6F5A9B1-A6F0-46CE-8E46-6D3E3107ADC8}.Debug|Any CPU.Build.0 = Debug|Any CPU
		{D6F5A9B1-A6F0-46CE-8E46-6D3E3107ADC8}.Release|Any CPU.ActiveCfg = Release|Any CPU
		{D6F5A9B1-A6F0-46CE-8E46-6D3E3107ADC8}.Release|Any CPU.Build.0 = Release|Any CPU
	EndGlobalSection
	GlobalSection(SolutionProperties) = preSolution
		HideSolutionNode = FALSE
	EndGlobalSection
EndGlobal
